
Microsoft Visual Studio Solution File, Format Version 12.00
# Visual Studio Version 17
VisualStudioVersion = 17.4.33122.133
MinimumVisualStudioVersion = 10.0.40219.1
Project("{FAE04EC0-301F-11D3-BF4B-00C04F79EFBC}") = "sudoku2", "sudoku2.csproj", "{0AFA1AAE-DAF7-4606-8539-2CE30B2CCD43}"
EndProject
Global
	GlobalSection(SolutionConfigurationPlatforms) = preSolution
		Debug|Any CPU = Debug|Any CPU
		Release|Any CPU = Release|Any CPU
	EndGlobalSection
	GlobalSection(ProjectConfigurationPlatforms) = postSolution
		{0AFA1AAE-DAF7-4606-8539-2CE30B2CCD43}.Debug|Any CPU.ActiveCfg = Debug|Any CPU
		{0AFA1AAE-DAF7-4606-8539-2CE30B2CCD43}.Debug|Any CPU.Build.0 = Debug|Any CPU
		{0AFA1AAE-DAF7-4606-8539-2CE30B2CCD43}.Release|Any CPU.ActiveCfg = Release|Any CPU
		{0AFA1AAE-DAF7-4606-8539-2CE30B2CCD43}.Release|Any CPU.Build.0 = Release|Any CPU
	EndGlobalSection
	GlobalSection(SolutionProperties) = preSolution
		HideSolutionNode = FALSE
	EndGlobalSection
	GlobalSection(ExtensibilityGlobals) = postSolution
		SolutionGuid = {92C2EA27-B6E0-424C-9264-3562B68668B4}
	EndGlobalSection
EndGlobal
